
Microsoft Visual Studio Solution File, Format Version 12.00
# Visual Studio 14
VisualStudioVersion = 14.0.24720.0
MinimumVisualStudioVersion = 10.0.40219.1
Project("{FAE04EC0-301F-11D3-BF4B-00C04F79EFBC}") = "Discord Bot", "Discord Bot\Discord Bot.csproj", "{B48E03F7-6402-41B2-BBBC-9637892A52FB}"
EndProject
Global
	GlobalSection(SolutionConfigurationPlatforms) = preSolution
		Debug|Any CPU = Debug|Any CPU
		Release|Any CPU = Release|Any CPU
		TestResponses|Any CPU = TestResponses|Any CPU
	EndGlobalSection
	GlobalSection(ProjectConfigurationPlatforms) = postSolution
		{B48E03F7-6402-41B2-BBBC-9637892A52FB}.Debug|Any CPU.ActiveCfg = Debug|Any CPU
		{B48E03F7-6402-41B2-BBBC-9637892A52FB}.Debug|Any CPU.Build.0 = Debug|Any CPU
		{B48E03F7-6402-41B2-BBBC-9637892A52FB}.Release|Any CPU.ActiveCfg = Release|Any CPU
		{B48E03F7-6402-41B2-BBBC-9637892A52FB}.Release|Any CPU.Build.0 = Release|Any CPU
		{B48E03F7-6402-41B2-BBBC-9637892A52FB}.TestResponses|Any CPU.ActiveCfg = Release|Any CPU
		{B48E03F7-6402-41B2-BBBC-9637892A52FB}.TestResponses|Any CPU.Build.0 = Release|Any CPU
	EndGlobalSection
	GlobalSection(SolutionProperties) = preSolution
		HideSolutionNode = FALSE
	EndGlobalSection
EndGlobal
